
Microsoft Visual Studio Solution File, Format Version 12.00
# Visual Studio 15
VisualStudioVersion = 15.0.28307.1300
MinimumVisualStudioVersion = 10.0.40219.1
Project("{E24C65DC-7377-472B-9ABA-BC803B73C61A}") = "CanjeMandatorio", "CanjeMandatorio\", "{DDEC175F-7286-40C0-9A27-D11A3F8C9862}"
	ProjectSection(WebsiteProperties) = preProject
		TargetFrameworkMoniker = ".NETFramework,Version%3Dv3.5"
		ProjectReferences = "{750ea437-4d5d-49d6-93da-ee5eace08f15}|ActiveDirectoryWrapper.dll;{f0528be4-7c96-425d-9e88-e6abf36296fa}|DBSqlServer.dll;{b483034b-5000-4d72-8f72-69959bb90e5d}|DBSUtils.dll;{40089e0a-740d-44d6-b9b4-1b2c940bb494}|DTO.dll;{e506668f-cad2-443b-a67e-a075bc0c713f}|Negocio.dll;{961f5ad3-b3d9-4fe7-8b40-68616156e015}|WSCanjeMandatorio.dll;{E863D072-AA8B-4108-B5F1-785241B37F67}|Xceed.Document.NET.dll;{6A9B96D0-A011-4F33-8EE2-AC31C948CCA9}|Xceed.Words.NET.dll;{BF776E61-DC27-46D3-B232-0B6F3B22DE10}|Datos.dll;"
		Debug.AspNetCompiler.VirtualPath = "/localhost_50373"
		Debug.AspNetCompiler.PhysicalPath = "CanjeMandatorio\"
		Debug.AspNetCompiler.TargetPath = "PrecompiledWeb\localhost_50373\"
		Debug.AspNetCompiler.Updateable = "true"
		Debug.AspNetCompiler.ForceOverwrite = "true"
		Debug.AspNetCompiler.FixedNames = "false"
		Debug.AspNetCompiler.Debug = "True"
		Release.AspNetCompiler.VirtualPath = "/localhost_50373"
		Release.AspNetCompiler.PhysicalPath = "CanjeMandatorio\"
		Release.AspNetCompiler.TargetPath = "PrecompiledWeb\localhost_50373\"
		Release.AspNetCompiler.Updateable = "true"
		Release.AspNetCompiler.ForceOverwrite = "true"
		Release.AspNetCompiler.FixedNames = "false"
		Release.AspNetCompiler.Debug = "False"
		VWDPort = "50373"
		SlnRelativePath = "CanjeMandatorio\"
		DefaultWebSiteLanguage = "Visual Basic"
	EndProjectSection
EndProject
Project("{F184B08F-C81C-45F6-A57F-5ABD9991F28F}") = "DTO", "DTO\DTO.vbproj", "{40089E0A-740D-44D6-B9B4-1B2C940BB494}"
EndProject
Project("{F184B08F-C81C-45F6-A57F-5ABD9991F28F}") = "Negocio", "Negocio\Negocio.vbproj", "{E506668F-CAD2-443B-A67E-A075BC0C713F}"
EndProject
Project("{F184B08F-C81C-45F6-A57F-5ABD9991F28F}") = "Datos", "Datos\Datos.vbproj", "{BF776E61-DC27-46D3-B232-0B6F3B22DE10}"
EndProject
Project("{F184B08F-C81C-45F6-A57F-5ABD9991F28F}") = "DBSqlServer", "DBSqlServer\DBSqlServer.vbproj", "{F0528BE4-7C96-425D-9E88-E6ABF36296FA}"
EndProject
Project("{F184B08F-C81C-45F6-A57F-5ABD9991F28F}") = "WSCanjeMandatorio", "WSCanjeMandatorio\WSCanjeMandatorio.vbproj", "{961F5AD3-B3D9-4FE7-8B40-68616156E015}"
EndProject
Project("{F184B08F-C81C-45F6-A57F-5ABD9991F28F}") = "ActiveDirectoryWrapper", "ActiveDirectoryWrapper\ActiveDirectoryWrapper.vbproj", "{750EA437-4D5D-49D6-93DA-EE5EACE08F15}"
EndProject
Project("{F184B08F-C81C-45F6-A57F-5ABD9991F28F}") = "WinFormTest", "WebSiteT\WinFormTest.vbproj", "{8BE63C4F-ED90-4BAB-985D-3E9253CE3037}"
EndProject
Project("{F184B08F-C81C-45F6-A57F-5ABD9991F28F}") = "DBSUtils", "DBSUtils\DBSUtils.vbproj", "{B483034B-5000-4D72-8F72-69959BB90E5D}"
EndProject
Project("{FAE04EC0-301F-11D3-BF4B-00C04F79EFBC}") = "Xceed.Document.NET", "Xceed.Document.NET\Xceed.Document.NET.csproj", "{E863D072-AA8B-4108-B5F1-785241B37F67}"
EndProject
Project("{FAE04EC0-301F-11D3-BF4B-00C04F79EFBC}") = "Xceed.Words.NET", "Xceed.Words.NET\Xceed.Words.NET.csproj", "{6A9B96D0-A011-4F33-8EE2-AC31C948CCA9}"
EndProject
Global
	GlobalSection(SolutionConfigurationPlatforms) = preSolution
		Debug|Any CPU = Debug|Any CPU
		DebugLocal|Any CPU = DebugLocal|Any CPU
		Release|Any CPU = Release|Any CPU
	EndGlobalSection
	GlobalSection(ProjectConfigurationPlatforms) = postSolution
		{DDEC175F-7286-40C0-9A27-D11A3F8C9862}.Debug|Any CPU.ActiveCfg = Debug|Any CPU
		{DDEC175F-7286-40C0-9A27-D11A3F8C9862}.Debug|Any CPU.Build.0 = Debug|Any CPU
		{DDEC175F-7286-40C0-9A27-D11A3F8C9862}.DebugLocal|Any CPU.ActiveCfg = Debug|Any CPU
		{DDEC175F-7286-40C0-9A27-D11A3F8C9862}.DebugLocal|Any CPU.Build.0 = Debug|Any CPU
		{DDEC175F-7286-40C0-9A27-D11A3F8C9862}.Release|Any CPU.ActiveCfg = Debug|Any CPU
		{DDEC175F-7286-40C0-9A27-D11A3F8C9862}.Release|Any CPU.Build.0 = Debug|Any CPU
		{40089E0A-740D-44D6-B9B4-1B2C940BB494}.Debug|Any CPU.ActiveCfg = Debug|Any CPU
		{40089E0A-740D-44D6-B9B4-1B2C940BB494}.Debug|Any CPU.Build.0 = Debug|Any CPU
		{40089E0A-740D-44D6-B9B4-1B2C940BB494}.DebugLocal|Any CPU.ActiveCfg = Debug|Any CPU
		{40089E0A-740D-44D6-B9B4-1B2C940BB494}.DebugLocal|Any CPU.Build.0 = Debug|Any CPU
		{40089E0A-740D-44D6-B9B4-1B2C940BB494}.Release|Any CPU.ActiveCfg = Release|Any CPU
		{40089E0A-740D-44D6-B9B4-1B2C940BB494}.Release|Any CPU.Build.0 = Release|Any CPU
		{E506668F-CAD2-443B-A67E-A075BC0C713F}.Debug|Any CPU.ActiveCfg = Debug|Any CPU
		{E506668F-CAD2-443B-A67E-A075BC0C713F}.Debug|Any CPU.Build.0 = Debug|Any CPU
		{E506668F-CAD2-443B-A67E-A075BC0C713F}.DebugLocal|Any CPU.ActiveCfg = Debug|Any CPU
		{E506668F-CAD2-443B-A67E-A075BC0C713F}.DebugLocal|Any CPU.Build.0 = Debug|Any CPU
		{E506668F-CAD2-443B-A67E-A075BC0C713F}.Release|Any CPU.ActiveCfg = Release|Any CPU
		{E506668F-CAD2-443B-A67E-A075BC0C713F}.Release|Any CPU.Build.0 = Release|Any CPU
		{BF776E61-DC27-46D3-B232-0B6F3B22DE10}.Debug|Any CPU.ActiveCfg = Debug|Any CPU
		{BF776E61-DC27-46D3-B232-0B6F3B22DE10}.Debug|Any CPU.Build.0 = Debug|Any CPU
		{BF776E61-DC27-46D3-B232-0B6F3B22DE10}.DebugLocal|Any CPU.ActiveCfg = Debug|Any CPU
		{BF776E61-DC27-46D3-B232-0B6F3B22DE10}.DebugLocal|Any CPU.Build.0 = Debug|Any CPU
		{BF776E61-DC27-46D3-B232-0B6F3B22DE10}.Release|Any CPU.ActiveCfg = Release|Any CPU
		{BF776E61-DC27-46D3-B232-0B6F3B22DE10}.Release|Any CPU.Build.0 = Release|Any CPU
		{F0528BE4-7C96-425D-9E88-E6ABF36296FA}.Debug|Any CPU.ActiveCfg = Debug|Any CPU
		{F0528BE4-7C96-425D-9E88-E6ABF36296FA}.Debug|Any CPU.Build.0 = Debug|Any CPU
		{F0528BE4-7C96-425D-9E88-E6ABF36296FA}.DebugLocal|Any CPU.ActiveCfg = Debug|Any CPU
		{F0528BE4-7C96-425D-9E88-E6ABF36296FA}.DebugLocal|Any CPU.Build.0 = Debug|Any CPU
		{F0528BE4-7C96-425D-9E88-E6ABF36296FA}.Release|Any CPU.ActiveCfg = Release|Any CPU
		{F0528BE4-7C96-425D-9E88-E6ABF36296FA}.Release|Any CPU.Build.0 = Release|Any CPU
		{961F5AD3-B3D9-4FE7-8B40-68616156E015}.Debug|Any CPU.ActiveCfg = Debug|Any CPU
		{961F5AD3-B3D9-4FE7-8B40-68616156E015}.Debug|Any CPU.Build.0 = Debug|Any CPU
		{961F5AD3-B3D9-4FE7-8B40-68616156E015}.DebugLocal|Any CPU.ActiveCfg = Debug|Any CPU
		{961F5AD3-B3D9-4FE7-8B40-68616156E015}.DebugLocal|Any CPU.Build.0 = Debug|Any CPU
		{961F5AD3-B3D9-4FE7-8B40-68616156E015}.Release|Any CPU.ActiveCfg = Release|Any CPU
		{961F5AD3-B3D9-4FE7-8B40-68616156E015}.Release|Any CPU.Build.0 = Release|Any CPU
		{750EA437-4D5D-49D6-93DA-EE5EACE08F15}.Debug|Any CPU.ActiveCfg = Debug|Any CPU
		{750EA437-4D5D-49D6-93DA-EE5EACE08F15}.Debug|Any CPU.Build.0 = Debug|Any CPU
		{750EA437-4D5D-49D6-93DA-EE5EACE08F15}.DebugLocal|Any CPU.ActiveCfg = Debug|Any CPU
		{750EA437-4D5D-49D6-93DA-EE5EACE08F15}.DebugLocal|Any CPU.Build.0 = Debug|Any CPU
		{750EA437-4D5D-49D6-93DA-EE5EACE08F15}.Release|Any CPU.ActiveCfg = Release|Any CPU
		{750EA437-4D5D-49D6-93DA-EE5EACE08F15}.Release|Any CPU.Build.0 = Release|Any CPU
		{8BE63C4F-ED90-4BAB-985D-3E9253CE3037}.Debug|Any CPU.ActiveCfg = Debug|Any CPU
		{8BE63C4F-ED90-4BAB-985D-3E9253CE3037}.Debug|Any CPU.Build.0 = Debug|Any CPU
		{8BE63C4F-ED90-4BAB-985D-3E9253CE3037}.DebugLocal|Any CPU.ActiveCfg = Debug|Any CPU
		{8BE63C4F-ED90-4BAB-985D-3E9253CE3037}.DebugLocal|Any CPU.Build.0 = Debug|Any CPU
		{8BE63C4F-ED90-4BAB-985D-3E9253CE3037}.Release|Any CPU.ActiveCfg = Release|Any CPU
		{8BE63C4F-ED90-4BAB-985D-3E9253CE3037}.Release|Any CPU.Build.0 = Release|Any CPU
		{B483034B-5000-4D72-8F72-69959BB90E5D}.Debug|Any CPU.ActiveCfg = Debug|Any CPU
		{B483034B-5000-4D72-8F72-69959BB90E5D}.Debug|Any CPU.Build.0 = Debug|Any CPU
		{B483034B-5000-4D72-8F72-69959BB90E5D}.DebugLocal|Any CPU.ActiveCfg = Debug|Any CPU
		{B483034B-5000-4D72-8F72-69959BB90E5D}.DebugLocal|Any CPU.Build.0 = Debug|Any CPU
		{B483034B-5000-4D72-8F72-69959BB90E5D}.Release|Any CPU.ActiveCfg = Release|Any CPU
		{B483034B-5000-4D72-8F72-69959BB90E5D}.Release|Any CPU.Build.0 = Release|Any CPU
		{E863D072-AA8B-4108-B5F1-785241B37F67}.Debug|Any CPU.ActiveCfg = Debug|Any CPU
		{E863D072-AA8B-4108-B5F1-785241B37F67}.Debug|Any CPU.Build.0 = Debug|Any CPU
		{E863D072-AA8B-4108-B5F1-785241B37F67}.DebugLocal|Any CPU.ActiveCfg = Debug|Any CPU
		{E863D072-AA8B-4108-B5F1-785241B37F67}.DebugLocal|Any CPU.Build.0 = Debug|Any CPU
		{E863D072-AA8B-4108-B5F1-785241B37F67}.Release|Any CPU.ActiveCfg = Release|Any CPU
		{E863D072-AA8B-4108-B5F1-785241B37F67}.Release|Any CPU.Build.0 = Release|Any CPU
		{6A9B96D0-A011-4F33-8EE2-AC31C948CCA9}.Debug|Any CPU.ActiveCfg = Debug|Any CPU
		{6A9B96D0-A011-4F33-8EE2-AC31C948CCA9}.Debug|Any CPU.Build.0 = Debug|Any CPU
		{6A9B96D0-A011-4F33-8EE2-AC31C948CCA9}.DebugLocal|Any CPU.ActiveCfg = Debug|Any CPU
		{6A9B96D0-A011-4F33-8EE2-AC31C948CCA9}.DebugLocal|Any CPU.Build.0 = Debug|Any CPU
		{6A9B96D0-A011-4F33-8EE2-AC31C948CCA9}.Release|Any CPU.ActiveCfg = Release|Any CPU
		{6A9B96D0-A011-4F33-8EE2-AC31C948CCA9}.Release|Any CPU.Build.0 = Release|Any CPU
	EndGlobalSection
	GlobalSection(SolutionProperties) = preSolution
		HideSolutionNode = FALSE
	EndGlobalSection
	GlobalSection(ExtensibilityGlobals) = postSolution
		SolutionGuid = {CD843956-8904-46F9-972B-6ADF6E4ABB6C}
	EndGlobalSection
EndGlobal
